# @generated by Move, please check-in and do not edit manually.

[move]
version = 3
manifest_digest = "B634777B8FA1070403B478B85B4D27730A826FB272A0B49EFD41889AAE841321"
deps_digest = "F8BBB0CCB2491CA29A3DF03D6F92277A4F3574266507ACD77214D37ECA3F3082"
dependencies = [
  { id = "Sui", name = "Sui" },
]

[[move.package]]
id = "MoveStdlib"
source = { git = "https://github.com/MystenLabs/sui.git", rev = "testnet", subdir = "crates/sui-framework/packages/move-stdlib" }

[[move.package]]
id = "Sui"
source = { git = "https://github.com/MystenLabs/sui.git", rev = "testnet", subdir = "crates/sui-framework/packages/sui-framework" }

dependencies = [
  { id = "MoveStdlib", name = "MoveStdlib" },
]

[move.toolchain-version]
compiler-version = "1.52.1"
edition = "2024.beta"
flavor = "sui"

[env]

[env.testnet]
chain-id = "4c78adac"
original-published-id = "0xb2db4954abaaf4731c9559f35f42181546f9dce8a773ef8cd81c4e29889827d5"
latest-published-id = "0xb2db4954abaaf4731c9559f35f42181546f9dce8a773ef8cd81c4e29889827d5"
published-version = "1"
